// !$*UTF8*$!
{
	archiveVersion = 1;
	classes = {
	};
	objectVersion = 50;
	objects = {

/* Begin PBXBuildFile section */
		22198B8B22429C27007AD7DE /* main.swift in Sources */ = {isa = PBXBuildFile; fileRef = 22198B8A22429C27007AD7DE /* main.swift */; };
		22198B9222429C35007AD7DE /* SelectionSort.swift in Sources */ = {isa = PBXBuildFile; fileRef = 22198B9122429C35007AD7DE /* SelectionSort.swift */; };
		22198B9422429C3E007AD7DE /* SortTestHelper.swift in Sources */ = {isa = PBXBuildFile; fileRef = 22198B9322429C3E007AD7DE /* SortTestHelper.swift */; };
		22198B982243D04F007AD7DE /* InsertionSort.swift in Sources */ = {isa = PBXBuildFile; fileRef = 22198B972243D04F007AD7DE /* InsertionSort.swift */; };
		2233BC072247AB0C00DA6704 /* QuickSort2.swift in Sources */ = {isa = PBXBuildFile; fileRef = 2233BC062247AB0C00DA6704 /* QuickSort2.swift */; };
		22A6CD4E2258989800F4C484 /* MaxHeap.swift in Sources */ = {isa = PBXBuildFile; fileRef = 22A6CD4D2258989800F4C484 /* MaxHeap.swift */; };
		22A6CD502258993C00F4C484 /* QuickSort3.swift in Sources */ = {isa = PBXBuildFile; fileRef = 22A6CD4F2258993C00F4C484 /* QuickSort3.swift */; };
		22A6CD5222589D8B00F4C484 /* HeapSort.swift in Sources */ = {isa = PBXBuildFile; fileRef = 22A6CD5122589D8B00F4C484 /* HeapSort.swift */; };
		22DC4A68224528820078BC4B /* MergeSort.swift in Sources */ = {isa = PBXBuildFile; fileRef = 22DC4A67224528820078BC4B /* MergeSort.swift */; };
		22DC4A6A224619C30078BC4B /* QuickSort.swift in Sources */ = {isa = PBXBuildFile; fileRef = 22DC4A69224619C30078BC4B /* QuickSort.swift */; };
/* End PBXBuildFile section */

/* Begin PBXCopyFilesBuildPhase section */
		22198B8522429C27007AD7DE /* CopyFiles */ = {
			isa = PBXCopyFilesBuildPhase;
			buildActionMask = 2147483647;
			dstPath = /usr/share/man/man1/;
			dstSubfolderSpec = 0;
			files = (
			);
			runOnlyForDeploymentPostprocessing = 1;
		};
/* End PBXCopyFilesBuildPhase section */

/* Begin PBXFileReference section */
		22198B8722429C27007AD7DE /* SortTest */ = {isa = PBXFileReference; explicitFileType = "compiled.mach-o.executable"; includeInIndex = 0; path = SortTest; sourceTree = BUILT_PRODUCTS_DIR; };
		22198B8A22429C27007AD7DE /* main.swift */ = {isa = PBXFileReference; lastKnownFileType = sourcecode.swift; path = main.swift; sourceTree = "<group>"; };
		22198B9122429C35007AD7DE /* SelectionSort.swift */ = {isa = PBXFileReference; fileEncoding = 4; lastKnownFileType = sourcecode.swift; path = SelectionSort.swift; sourceTree = "<group>"; };
		22198B9322429C3E007AD7DE /* SortTestHelper.swift */ = {isa = PBXFileReference; fileEncoding = 4; lastKnownFileType = sourcecode.swift; path = SortTestHelper.swift; sourceTree = "<group>"; };
		22198B972243D04F007AD7DE /* InsertionSort.swift */ = {isa = PBXFileReference; lastKnownFileType = sourcecode.swift; path = InsertionSort.swift; sourceTree = "<group>"; };
		2233BC062247AB0C00DA6704 /* QuickSort2.swift */ = {isa = PBXFileReference; lastKnownFileType = sourcecode.swift; path = QuickSort2.swift; sourceTree = "<group>"; };
		22A6CD4D2258989800F4C484 /* MaxHeap.swift */ = {isa = PBXFileReference; fileEncoding = 4; lastKnownFileType = sourcecode.swift; path = MaxHeap.swift; sourceTree = "<group>"; };
		22A6CD4F2258993C00F4C484 /* QuickSort3.swift */ = {isa = PBXFileReference; lastKnownFileType = sourcecode.swift; path = QuickSort3.swift; sourceTree = "<group>"; };
		22A6CD5122589D8B00F4C484 /* HeapSort.swift */ = {isa = PBXFileReference; lastKnownFileType = sourcecode.swift; path = HeapSort.swift; sourceTree = "<group>"; };
		22DC4A67224528820078BC4B /* MergeSort.swift */ = {isa = PBXFileReference; lastKnownFileType = sourcecode.swift; path = MergeSort.swift; sourceTree = "<group>"; };
		22DC4A69224619C30078BC4B /* QuickSort.swift */ = {isa = PBXFileReference; lastKnownFileType = sourcecode.swift; path = QuickSort.swift; sourceTree = "<group>"; };
/* End PBXFileReference section */

/* Begin PBXFrameworksBuildPhase section */
		22198B8422429C27007AD7DE /* Frameworks */ = {
			isa = PBXFrameworksBuildPhase;
			buildActionMask = 2147483647;
			files = (
			);
			runOnlyForDeploymentPostprocessing = 0;
		};
/* End PBXFrameworksBuildPhase section */

/* Begin PBXGroup section */
		22198B7E22429C27007AD7DE = {
			isa = PBXGroup;
			children = (
				22198B8922429C27007AD7DE /* SortTest */,
				22198B8822429C27007AD7DE /* Products */,
			);
			sourceTree = "<group>";
		};
		22198B8822429C27007AD7DE /* Products */ = {
			isa = PBXGroup;
			children = (
				22198B8722429C27007AD7DE /* SortTest */,
			);
			name = Products;
			sourceTree = "<group>";
		};
		22198B8922429C27007AD7DE /* SortTest */ = {
			isa = PBXGroup;
			children = (
				22198B8A22429C27007AD7DE /* main.swift */,
				22A6CD5122589D8B00F4C484 /* HeapSort.swift */,
				22A6CD4F2258993C00F4C484 /* QuickSort3.swift */,
				2233BC062247AB0C00DA6704 /* QuickSort2.swift */,
				22DC4A67224528820078BC4B /* MergeSort.swift */,
				22DC4A69224619C30078BC4B /* QuickSort.swift */,
				22198B972243D04F007AD7DE /* InsertionSort.swift */,
				22198B9122429C35007AD7DE /* SelectionSort.swift */,
				22198B9322429C3E007AD7DE /* SortTestHelper.swift */,
				22A6CD4D2258989800F4C484 /* MaxHeap.swift */,
			);
			path = SortTest;
			sourceTree = "<group>";
		};
/* End PBXGroup section */

/* Begin PBXNativeTarget section */
		22198B8622429C27007AD7DE /* SortTest */ = {
			isa = PBXNativeTarget;
			buildConfigurationList = 22198B8E22429C27007AD7DE /* Build configuration list for PBXNativeTarget "SortTest" */;
			buildPhases = (
				22198B8322429C27007AD7DE /* Sources */,
				22198B8422429C27007AD7DE /* Frameworks */,
				22198B8522429C27007AD7DE /* CopyFiles */,
			);
			buildRules = (
			);
			dependencies = (
			);
			name = SortTest;
			productName = SortTest;
			productReference = 22198B8722429C27007AD7DE /* SortTest */;
			productType = "com.apple.product-type.tool";
		};
/* End PBXNativeTarget section */

/* Begin PBXProject section */
		22198B7F22429C27007AD7DE /* Project object */ = {
			isa = PBXProject;
			attributes = {
				LastSwiftUpdateCheck = 1010;
				LastUpgradeCheck = 1010;
				ORGANIZATIONNAME = foolmcode;
				TargetAttributes = {
					22198B8622429C27007AD7DE = {
						CreatedOnToolsVersion = 10.1;
					};
				};
			};
			buildConfigurationList = 22198B8222429C27007AD7DE /* Build configuration list for PBXProject "SortTest" */;
			compatibilityVersion = "Xcode 9.3";
			developmentRegion = en;
			hasScannedForEncodings = 0;
			knownRegions = (
				en,
			);
			mainGroup = 22198B7E22429C27007AD7DE;
			productRefGroup = 22198B8822429C27007AD7DE /* Products */;
			projectDirPath = "";
			projectRoot = "";
			targets = (
				22198B8622429C27007AD7DE /* SortTest */,
			);
		};
/* End PBXProject section */

/* Begin PBXSourcesBuildPhase section */
		22198B8322429C27007AD7DE /* Sources */ = {
			isa = PBXSourcesBuildPhase;
			buildActionMask = 2147483647;
			files = (
				22198B9222429C35007AD7DE /* SelectionSort.swift in Sources */,
				22DC4A6A224619C30078BC4B /* QuickSort.swift in Sources */,
				22198B982243D04F007AD7DE /* InsertionSort.swift in Sources */,
				22198B9422429C3E007AD7DE /* SortTestHelper.swift in Sources */,
				22A6CD4E2258989800F4C484 /* MaxHeap.swift in Sources */,
				22198B8B22429C27007AD7DE /* main.swift in Sources */,
				22A6CD502258993C00F4C484 /* QuickSort3.swift in Sources */,
				22DC4A68224528820078BC4B /* MergeSort.swift in Sources */,
				2233BC072247AB0C00DA6704 /* QuickSort2.swift in Sources */,
				22A6CD5222589D8B00F4C484 /* HeapSort.swift in Sources */,
			);
			runOnlyForDeploymentPostprocessing = 0;
		};
/* End PBXSourcesBuildPhase section */

/* Begin XCBuildConfiguration section */
		22198B8C22429C27007AD7DE /* Debug */ = {
			isa = XCBuildConfiguration;
			buildSettings = {
				ALWAYS_SEARCH_USER_PATHS = NO;
				CLANG_ANALYZER_NONNULL = YES;
				CLANG_ANALYZER_NUMBER_OBJECT_CONVERSION = YES_AGGRESSIVE;
				CLANG_CXX_LANGUAGE_STANDARD = "gnu++14";
				CLANG_CXX_LIBRARY = "libc++";
				CLANG_ENABLE_MODULES = YES;
				CLANG_ENABLE_OBJC_ARC = YES;
				CLANG_ENABLE_OBJC_WEAK = YES;
				CLANG_WARN_BLOCK_CAPTURE_AUTORELEASING = YES;
				CLANG_WARN_BOOL_CONVERSION = YES;
				CLANG_WARN_COMMA = YES;
				CLANG_WARN_CONSTANT_CONVERSION = YES;
				CLANG_WARN_DEPRECATED_OBJC_IMPLEMENTATIONS = YES;
				CLANG_WARN_DIRECT_OBJC_ISA_USAGE = YES_ERROR;
				CLANG_WARN_DOCUMENTATION_COMMENTS = YES;
				CLANG_WARN_EMPTY_BODY = YES;
				CLANG_WARN_ENUM_CONVERSION = YES;
				CLANG_WARN_INFINITE_RECURSION = YES;
				CLANG_WARN_INT_CONVERSION = YES;
				CLANG_WARN_NON_LITERAL_NULL_CONVERSION = YES;
				CLANG_WARN_OBJC_IMPLICIT_RETAIN_SELF = YES;
				CLANG_WARN_OBJC_LITERAL_CONVERSION = YES;
				CLANG_WARN_OBJC_ROOT_CLASS = YES_ERROR;
				CLANG_WARN_RANGE_LOOP_ANALYSIS = YES;
				CLANG_WARN_STRICT_PROTOTYPES = YES;
				CLANG_WARN_SUSPICIOUS_MOVE = YES;
				CLANG_WARN_UNGUARDED_AVAILABILITY = YES_AGGRESSIVE;
				CLANG_WARN_UNREACHABLE_CODE = YES;
				CLANG_WARN__DUPLICATE_METHOD_MATCH = YES;
				CODE_SIGN_IDENTITY = "-";
				COPY_PHASE_STRIP = NO;
				DEBUG_INFORMATION_FORMAT = dwarf;
				ENABLE_STRICT_OBJC_MSGSEND = YES;
				ENABLE_TESTABILITY = YES;
				GCC_C_LANGUAGE_STANDARD = gnu11;
				GCC_DYNAMIC_NO_PIC = NO;
				GCC_NO_COMMON_BLOCKS = YES;
				GCC_OPTIMIZATION_LEVEL = 0;
				GCC_PREPROCESSOR_DEFINITIONS = (
					"DEBUG=1",
					"$(inherited)",
				);
				GCC_WARN_64_TO_32_BIT_CONVERSION = YES;
				GCC_WARN_ABOUT_RETURN_TYPE = YES_ERROR;
				GCC_WARN_UNDECLARED_SELECTOR = YES;
				GCC_WARN_UNINITIALIZED_AUTOS = YES_AGGRESSIVE;
				GCC_WARN_UNUSED_FUNCTION = YES;
				GCC_WARN_UNUSED_VARIABLE = YES;
				MACOSX_DEPLOYMENT_TARGET = 10.14;
				MTL_ENABLE_DEBUG_INFO = INCLUDE_SOURCE;
				MTL_FAST_MATH = YES;
				ONLY_ACTIVE_ARCH = YES;
				SDKROOT = macosx;
				SWIFT_ACTIVE_COMPILATION_CONDITIONS = DEBUG;
				SWIFT_OPTIMIZATION_LEVEL = "-Onone";
			};
			name = Debug;
		};
		22198B8D22429C27007AD7DE /* Release */ = {
			isa = XCBuildConfiguration;
			buildSettings = {
				ALWAYS_SEARCH_USER_PATHS = NO;
				CLANG_ANALYZER_NONNULL = YES;
				CLANG_ANALYZER_NUMBER_OBJECT_CONVERSION = YES_AGGRESSIVE;
				CLANG_CXX_LANGUAGE_STANDARD = "gnu++14";
				CLANG_CXX_LIBRARY = "libc++";
				CLANG_ENABLE_MODULES = YES;
				CLANG_ENABLE_OBJC_ARC = YES;
				CLANG_ENABLE_OBJC_WEAK = YES;
				CLANG_WARN_BLOCK_CAPTURE_AUTORELEASING = YES;
				CLANG_WARN_BOOL_CONVERSION = YES;
				CLANG_WARN_COMMA = YES;
				CLANG_WARN_CONSTANT_CONVERSION = YES;
				CLANG_WARN_DEPRECATED_OBJC_IMPLEMENTATIONS = YES;
				CLANG_WARN_DIRECT_OBJC_ISA_USAGE = YES_ERROR;
				CLANG_WARN_DOCUMENTATION_COMMENTS = YES;
				CLANG_WARN_EMPTY_BODY = YES;
				CLANG_WARN_ENUM_CONVERSION = YES;
				CLANG_WARN_INFINITE_RECURSION = YES;
				CLANG_WARN_INT_CONVERSION = YES;
				CLANG_WARN_NON_LITERAL_NULL_CONVERSION = YES;
				CLANG_WARN_OBJC_IMPLICIT_RETAIN_SELF = YES;
				CLANG_WARN_OBJC_LITERAL_CONVERSION = YES;
				CLANG_WARN_OBJC_ROOT_CLASS = YES_ERROR;
				CLANG_WARN_RANGE_LOOP_ANALYSIS = YES;
				CLANG_WARN_STRICT_PROTOTYPES = YES;
				CLANG_WARN_SUSPICIOUS_MOVE = YES;
				CLANG_WARN_UNGUARDED_AVAILABILITY = YES_AGGRESSIVE;
				CLANG_WARN_UNREACHABLE_CODE = YES;
				CLANG_WARN__DUPLICATE_METHOD_MATCH = YES;
				CODE_SIGN_IDENTITY = "-";
				COPY_PHASE_STRIP = NO;
				DEBUG_INFORMATION_FORMAT = "dwarf-with-dsym";
				ENABLE_NS_ASSERTIONS = NO;
				ENABLE_STRICT_OBJC_MSGSEND = YES;
				GCC_C_LANGUAGE_STANDARD = gnu11;
				GCC_NO_COMMON_BLOCKS = YES;
				GCC_WARN_64_TO_32_BIT_CONVERSION = YES;
				GCC_WARN_ABOUT_RETURN_TYPE = YES_ERROR;
				GCC_WARN_UNDECLARED_SELECTOR = YES;
				GCC_WARN_UNINITIALIZED_AUTOS = YES_AGGRESSIVE;
				GCC_WARN_UNUSED_FUNCTION = YES;
				GCC_WARN_UNUSED_VARIABLE = YES;
				MACOSX_DEPLOYMENT_TARGET = 10.14;
				MTL_ENABLE_DEBUG_INFO = NO;
				MTL_FAST_MATH = YES;
				SDKROOT = macosx;
				SWIFT_COMPILATION_MODE = wholemodule;
				SWIFT_OPTIMIZATION_LEVEL = "-O";
			};
			name = Release;
		};
		22198B8F22429C27007AD7DE /* Debug */ = {
			isa = XCBuildConfiguration;
			buildSettings = {
				CODE_SIGN_STYLE = Automatic;
				PRODUCT_NAME = "$(TARGET_NAME)";
				SWIFT_INSTALL_OBJC_HEADER = NO;
				SWIFT_OPTIMIZATION_LEVEL = "-Onone";
				SWIFT_VERSION = 4.2;
			};
			name = Debug;
		};
		22198B9022429C27007AD7DE /* Release */ = {
			isa = XCBuildConfiguration;
			buildSettings = {
				CODE_SIGN_STYLE = Automatic;
				PRODUCT_NAME = "$(TARGET_NAME)";
				SWIFT_INSTALL_OBJC_HEADER = NO;
				SWIFT_OPTIMIZATION_LEVEL = "-Onone";
				SWIFT_VERSION = 4.2;
			};
			name = Release;
		};
/* End XCBuildConfiguration section */

/* Begin XCConfigurationList section */
		22198B8222429C27007AD7DE /* Build configuration list for PBXProject "SortTest" */ = {
			isa = XCConfigurationList;
			buildConfigurations = (
				22198B8C22429C27007AD7DE /* Debug */,
				22198B8D22429C27007AD7DE /* Release */,
			);
			defaultConfigurationIsVisible = 0;
			defaultConfigurationName = Release;
		};
		22198B8E22429C27007AD7DE /* Build configuration list for PBXNativeTarget "SortTest" */ = {
			isa = XCConfigurationList;
			buildConfigurations = (
				22198B8F22429C27007AD7DE /* Debug */,
				22198B9022429C27007AD7DE /* Release */,
			);
			defaultConfigurationIsVisible = 0;
			defaultConfigurationName = Release;
		};
/* End XCConfigurationList section */
	};
	rootObject = 22198B7F22429C27007AD7DE /* Project object */;
}
